
Microsoft Visual Studio Solution File, Format Version 12.00
# Visual Studio Version 16
VisualStudioVersion = 16.0.32407.337
MinimumVisualStudioVersion = 10.0.40219.1
Project("{8BC9CEB8-8B4A-11D0-8D11-00A0C91BC942}") = "rho_sm3_openssl", "rho_sm3_openssl\rho_sm3_openssl.vcxproj", "{725BA1C2-5696-4735-BDEC-BA68378FF258}"
EndProject
Global
	GlobalSection(SolutionConfigurationPlatforms) = preSolution
		Debug|x64 = Debug|x64
		Debug|x86 = Debug|x86
		Release|x64 = Release|x64
		Release|x86 = Release|x86
	EndGlobalSection
	GlobalSection(ProjectConfigurationPlatforms) = postSolution
		{725BA1C2-5696-4735-BDEC-BA68378FF258}.Debug|x64.ActiveCfg = Debug|x64
		{725BA1C2-5696-4735-BDEC-BA68378FF258}.Debug|x64.Build.0 = Debug|x64
		{725BA1C2-5696-4735-BDEC-BA68378FF258}.Debug|x86.ActiveCfg = Debug|Win32
		{725BA1C2-5696-4735-BDEC-BA68378FF258}.Debug|x86.Build.0 = Debug|Win32
		{725BA1C2-5696-4735-BDEC-BA68378FF258}.Release|x64.ActiveCfg = Release|x64
		{725BA1C2-5696-4735-BDEC-BA68378FF258}.Release|x64.Build.0 = Release|x64
		{725BA1C2-5696-4735-BDEC-BA68378FF258}.Release|x86.ActiveCfg = Release|Win32
		{725BA1C2-5696-4735-BDEC-BA68378FF258}.Release|x86.Build.0 = Release|Win32
	EndGlobalSection
	GlobalSection(SolutionProperties) = preSolution
		HideSolutionNode = FALSE
	EndGlobalSection
	GlobalSection(ExtensibilityGlobals) = postSolution
		SolutionGuid = {7256B039-CB42-4B2A-9413-A440FD13AD3E}
	EndGlobalSection
EndGlobal
